
Microsoft Visual Studio Solution File, Format Version 12.00
# Visual Studio Version 17
VisualStudioVersion = 17.7.34031.279
MinimumVisualStudioVersion = 10.0.40219.1
Project("{FAE04EC0-301F-11D3-BF4B-00C04F79EFBC}") = "De01_NguyenPhamPhuHuy_CNTT_6251071038", "De01_NguyenPhamPhuHuy_CNTT_6251071038.csproj", "{3DFD80D7-1687-47AC-871D-2B8794FCA7A5}"
EndProject
Global
	GlobalSection(SolutionConfigurationPlatforms) = preSolution
		Debug|Any CPU = Debug|Any CPU
		Release|Any CPU = Release|Any CPU
	EndGlobalSection
	GlobalSection(ProjectConfigurationPlatforms) = postSolution
		{3DFD80D7-1687-47AC-871D-2B8794FCA7A5}.Debug|Any CPU.ActiveCfg = Debug|Any CPU
		{3DFD80D7-1687-47AC-871D-2B8794FCA7A5}.Debug|Any CPU.Build.0 = Debug|Any CPU
		{3DFD80D7-1687-47AC-871D-2B8794FCA7A5}.Release|Any CPU.ActiveCfg = Release|Any CPU
		{3DFD80D7-1687-47AC-871D-2B8794FCA7A5}.Release|Any CPU.Build.0 = Release|Any CPU
	EndGlobalSection
	GlobalSection(SolutionProperties) = preSolution
		HideSolutionNode = FALSE
	EndGlobalSection
	GlobalSection(ExtensibilityGlobals) = postSolution
		SolutionGuid = {58027BBA-C8B4-4613-8E82-9F33C5475114}
	EndGlobalSection
EndGlobal
